// !$*UTF8*$!
{
	archiveVersion = 1;
	classes = {
	};
	objectVersion = 55;
	objects = {

/* Begin PBXBuildFile section */
		CCDE2914284A35CB004E1C52 /* AppDelegate.swift in Sources */ = {isa = PBXBuildFile; fileRef = CCDE2913284A35CB004E1C52 /* AppDelegate.swift */; };
		CCDE2916284A35CB004E1C52 /* SceneDelegate.swift in Sources */ = {isa = PBXBuildFile; fileRef = CCDE2915284A35CB004E1C52 /* SceneDelegate.swift */; };
		CCDE2918284A35CB004E1C52 /* ViewController.swift in Sources */ = {isa = PBXBuildFile; fileRef = CCDE2917284A35CB004E1C52 /* ViewController.swift */; };
		CCDE291B284A35CB004E1C52 /* Main.storyboard in Resources */ = {isa = PBXBuildFile; fileRef = CCDE2919284A35CB004E1C52 /* Main.storyboard */; };
		CCDE291D284A35CD004E1C52 /* Assets.xcassets in Resources */ = {isa = PBXBuildFile; fileRef = CCDE291C284A35CD004E1C52 /* Assets.xcassets */; };
		CCDE2920284A35CD004E1C52 /* LaunchScreen.storyboard in Resources */ = {isa = PBXBuildFile; fileRef = CCDE291E284A35CD004E1C52 /* LaunchScreen.storyboard */; };
		CCDE292B284A35CD004E1C52 /* practice_autolayoutTests.swift in Sources */ = {isa = PBXBuildFile; fileRef = CCDE292A284A35CD004E1C52 /* practice_autolayoutTests.swift */; };
		CCDE2935284A35CD004E1C52 /* practice_autolayoutUITests.swift in Sources */ = {isa = PBXBuildFile; fileRef = CCDE2934284A35CD004E1C52 /* practice_autolayoutUITests.swift */; };
		CCDE2937284A35CD004E1C52 /* practice_autolayoutUITestsLaunchTests.swift in Sources */ = {isa = PBXBuildFile; fileRef = CCDE2936284A35CD004E1C52 /* practice_autolayoutUITestsLaunchTests.swift */; };
/* End PBXBuildFile section */

/* Begin PBXContainerItemProxy section */
		CCDE2927284A35CD004E1C52 /* PBXContainerItemProxy */ = {
			isa = PBXContainerItemProxy;
			containerPortal = CCDE2908284A35CB004E1C52 /* Project object */;
			proxyType = 1;
			remoteGlobalIDString = CCDE290F284A35CB004E1C52;
			remoteInfo = practice_autolayout;
		};
		CCDE2931284A35CD004E1C52 /* PBXContainerItemProxy */ = {
			isa = PBXContainerItemProxy;
			containerPortal = CCDE2908284A35CB004E1C52 /* Project object */;
			proxyType = 1;
			remoteGlobalIDString = CCDE290F284A35CB004E1C52;
			remoteInfo = practice_autolayout;
		};
/* End PBXContainerItemProxy section */

/* Begin PBXFileReference section */
		CCDE2910284A35CB004E1C52 /* practice_autolayout.app */ = {isa = PBXFileReference; explicitFileType = wrapper.application; includeInIndex = 0; path = practice_autolayout.app; sourceTree = BUILT_PRODUCTS_DIR; };
		CCDE2913284A35CB004E1C52 /* AppDelegate.swift */ = {isa = PBXFileReference; lastKnownFileType = sourcecode.swift; path = AppDelegate.swift; sourceTree = "<group>"; };
		CCDE2915284A35CB004E1C52 /* SceneDelegate.swift */ = {isa = PBXFileReference; lastKnownFileType = sourcecode.swift; path = SceneDelegate.swift; sourceTree = "<group>"; };
		CCDE2917284A35CB004E1C52 /* ViewController.swift */ = {isa = PBXFileReference; lastKnownFileType = sourcecode.swift; path = ViewController.swift; sourceTree = "<group>"; };
		CCDE291A284A35CB004E1C52 /* Base */ = {isa = PBXFileReference; lastKnownFileType = file.storyboard; name = Base; path = Base.lproj/Main.storyboard; sourceTree = "<group>"; };
		CCDE291C284A35CD004E1C52 /* Assets.xcassets */ = {isa = PBXFileReference; lastKnownFileType = folder.assetcatalog; path = Assets.xcassets; sourceTree = "<group>"; };
		CCDE291F284A35CD004E1C52 /* Base */ = {isa = PBXFileReference; lastKnownFileType = file.storyboard; name = Base; path = Base.lproj/LaunchScreen.storyboard; sourceTree = "<group>"; };
		CCDE2921284A35CD004E1C52 /* Info.plist */ = {isa = PBXFileReference; lastKnownFileType = text.plist.xml; path = Info.plist; sourceTree = "<group>"; };
		CCDE2926284A35CD004E1C52 /* practice_autolayoutTests.xctest */ = {isa = PBXFileReference; explicitFileType = wrapper.cfbundle; includeInIndex = 0; path = practice_autolayoutTests.xctest; sourceTree = BUILT_PRODUCTS_DIR; };
		CCDE292A284A35CD004E1C52 /* practice_autolayoutTests.swift */ = {isa = PBXFileReference; lastKnownFileType = sourcecode.swift; path = practice_autolayoutTests.swift; sourceTree = "<group>"; };
		CCDE2930284A35CD004E1C52 /* practice_autolayoutUITests.xctest */ = {isa = PBXFileReference; explicitFileType = wrapper.cfbundle; includeInIndex = 0; path = practice_autolayoutUITests.xctest; sourceTree = BUILT_PRODUCTS_DIR; };
		CCDE2934284A35CD004E1C52 /* practice_autolayoutUITests.swift */ = {isa = PBXFileReference; lastKnownFileType = sourcecode.swift; path = practice_autolayoutUITests.swift; sourceTree = "<group>"; };
		CCDE2936284A35CD004E1C52 /* practice_autolayoutUITestsLaunchTests.swift */ = {isa = PBXFileReference; lastKnownFileType = sourcecode.swift; path = practice_autolayoutUITestsLaunchTests.swift; sourceTree = "<group>"; };
/* End PBXFileReference section */

/* Begin PBXFrameworksBuildPhase section */
		CCDE290D284A35CB004E1C52 /* Frameworks */ = {
			isa = PBXFrameworksBuildPhase;
			buildActionMask = 2147483647;
			files = (
			);
			runOnlyForDeploymentPostprocessing = 0;
		};
		CCDE2923284A35CD004E1C52 /* Frameworks */ = {
			isa = PBXFrameworksBuildPhase;
			buildActionMask = 2147483647;
			files = (
			);
			runOnlyForDeploymentPostprocessing = 0;
		};
		CCDE292D284A35CD004E1C52 /* Frameworks */ = {
			isa = PBXFrameworksBuildPhase;
			buildActionMask = 2147483647;
			files = (
			);
			runOnlyForDeploymentPostprocessing = 0;
		};
/* End PBXFrameworksBuildPhase section */

/* Begin PBXGroup section */
		CCDE2907284A35CB004E1C52 = {
			isa = PBXGroup;
			children = (
				CCDE2912284A35CB004E1C52 /* practice_autolayout */,
				CCDE2929284A35CD004E1C52 /* practice_autolayoutTests */,
				CCDE2933284A35CD004E1C52 /* practice_autolayoutUITests */,
				CCDE2911284A35CB004E1C52 /* Products */,
			);
			sourceTree = "<group>";
		};
		CCDE2911284A35CB004E1C52 /* Products */ = {
			isa = PBXGroup;
			children = (
				CCDE2910284A35CB004E1C52 /* practice_autolayout.app */,
				CCDE2926284A35CD004E1C52 /* practice_autolayoutTests.xctest */,
				CCDE2930284A35CD004E1C52 /* practice_autolayoutUITests.xctest */,
			);
			name = Products;
			sourceTree = "<group>";
		};
		CCDE2912284A35CB004E1C52 /* practice_autolayout */ = {
			isa = PBXGroup;
			children = (
				CCDE2913284A35CB004E1C52 /* AppDelegate.swift */,
				CCDE2915284A35CB004E1C52 /* SceneDelegate.swift */,
				CCDE2917284A35CB004E1C52 /* ViewController.swift */,
				CCDE2919284A35CB004E1C52 /* Main.storyboard */,
				CCDE291C284A35CD004E1C52 /* Assets.xcassets */,
				CCDE291E284A35CD004E1C52 /* LaunchScreen.storyboard */,
				CCDE2921284A35CD004E1C52 /* Info.plist */,
			);
			path = practice_autolayout;
			sourceTree = "<group>";
		};
		CCDE2929284A35CD004E1C52 /* practice_autolayoutTests */ = {
			isa = PBXGroup;
			children = (
				CCDE292A284A35CD004E1C52 /* practice_autolayoutTests.swift */,
			);
			path = practice_autolayoutTests;
			sourceTree = "<group>";
		};
		CCDE2933284A35CD004E1C52 /* practice_autolayoutUITests */ = {
			isa = PBXGroup;
			children = (
				CCDE2934284A35CD004E1C52 /* practice_autolayoutUITests.swift */,
				CCDE2936284A35CD004E1C52 /* practice_autolayoutUITestsLaunchTests.swift */,
			);
			path = practice_autolayoutUITests;
			sourceTree = "<group>";
		};
/* End PBXGroup section */

/* Begin PBXNativeTarget section */
		CCDE290F284A35CB004E1C52 /* practice_autolayout */ = {
			isa = PBXNativeTarget;
			buildConfigurationList = CCDE293A284A35CD004E1C52 /* Build configuration list for PBXNativeTarget "practice_autolayout" */;
			buildPhases = (
				CCDE290C284A35CB004E1C52 /* Sources */,
				CCDE290D284A35CB004E1C52 /* Frameworks */,
				CCDE290E284A35CB004E1C52 /* Resources */,
			);
			buildRules = (
			);
			dependencies = (
			);
			name = practice_autolayout;
			productName = practice_autolayout;
			productReference = CCDE2910284A35CB004E1C52 /* practice_autolayout.app */;
			productType = "com.apple.product-type.application";
		};
		CCDE2925284A35CD004E1C52 /* practice_autolayoutTests */ = {
			isa = PBXNativeTarget;
			buildConfigurationList = CCDE293D284A35CD004E1C52 /* Build configuration list for PBXNativeTarget "practice_autolayoutTests" */;
			buildPhases = (
				CCDE2922284A35CD004E1C52 /* Sources */,
				CCDE2923284A35CD004E1C52 /* Frameworks */,
				CCDE2924284A35CD004E1C52 /* Resources */,
			);
			buildRules = (
			);
			dependencies = (
				CCDE2928284A35CD004E1C52 /* PBXTargetDependency */,
			);
			name = practice_autolayoutTests;
			productName = practice_autolayoutTests;
			productReference = CCDE2926284A35CD004E1C52 /* practice_autolayoutTests.xctest */;
			productType = "com.apple.product-type.bundle.unit-test";
		};
		CCDE292F284A35CD004E1C52 /* practice_autolayoutUITests */ = {
			isa = PBXNativeTarget;
			buildConfigurationList = CCDE2940284A35CD004E1C52 /* Build configuration list for PBXNativeTarget "practice_autolayoutUITests" */;
			buildPhases = (
				CCDE292C284A35CD004E1C52 /* Sources */,
				CCDE292D284A35CD004E1C52 /* Frameworks */,
				CCDE292E284A35CD004E1C52 /* Resources */,
			);
			buildRules = (
			);
			dependencies = (
				CCDE2932284A35CD004E1C52 /* PBXTargetDependency */,
			);
			name = practice_autolayoutUITests;
			productName = practice_autolayoutUITests;
			productReference = CCDE2930284A35CD004E1C52 /* practice_autolayoutUITests.xctest */;
			productType = "com.apple.product-type.bundle.ui-testing";
		};
/* End PBXNativeTarget section */

/* Begin PBXProject section */
		CCDE2908284A35CB004E1C52 /* Project object */ = {
			isa = PBXProject;
			attributes = {
				BuildIndependentTargetsInParallel = 1;
				LastSwiftUpdateCheck = 1340;
				LastUpgradeCheck = 1340;
				TargetAttributes = {
					CCDE290F284A35CB004E1C52 = {
						CreatedOnToolsVersion = 13.4;
					};
					CCDE2925284A35CD004E1C52 = {
						CreatedOnToolsVersion = 13.4;
						TestTargetID = CCDE290F284A35CB004E1C52;
					};
					CCDE292F284A35CD004E1C52 = {
						CreatedOnToolsVersion = 13.4;
						TestTargetID = CCDE290F284A35CB004E1C52;
					};
				};
			};
			buildConfigurationList = CCDE290B284A35CB004E1C52 /* Build configuration list for PBXProject "practice_autolayout" */;
			compatibilityVersion = "Xcode 13.0";
			developmentRegion = en;
			hasScannedForEncodings = 0;
			knownRegions = (
				en,
				Base,
			);
			mainGroup = CCDE2907284A35CB004E1C52;
			productRefGroup = CCDE2911284A35CB004E1C52 /* Products */;
			projectDirPath = "";
			projectRoot = "";
			targets = (
				CCDE290F284A35CB004E1C52 /* practice_autolayout */,
				CCDE2925284A35CD004E1C52 /* practice_autolayoutTests */,
				CCDE292F284A35CD004E1C52 /* practice_autolayoutUITests */,
			);
		};
/* End PBXProject section */

/* Begin PBXResourcesBuildPhase section */
		CCDE290E284A35CB004E1C52 /* Resources */ = {
			isa = PBXResourcesBuildPhase;
			buildActionMask = 2147483647;
			files = (
				CCDE2920284A35CD004E1C52 /* LaunchScreen.storyboard in Resources */,
				CCDE291D284A35CD004E1C52 /* Assets.xcassets in Resources */,
				CCDE291B284A35CB004E1C52 /* Main.storyboard in Resources */,
			);
			runOnlyForDeploymentPostprocessing = 0;
		};
		CCDE2924284A35CD004E1C52 /* Resources */ = {
			isa = PBXResourcesBuildPhase;
			buildActionMask = 2147483647;
			files = (
			);
			runOnlyForDeploymentPostprocessing = 0;
		};
		CCDE292E284A35CD004E1C52 /* Resources */ = {
			isa = PBXResourcesBuildPhase;
			buildActionMask = 2147483647;
			files = (
			);
			runOnlyForDeploymentPostprocessing = 0;
		};
/* End PBXResourcesBuildPhase section */

/* Begin PBXSourcesBuildPhase section */
		CCDE290C284A35CB004E1C52 /* Sources */ = {
			isa = PBXSourcesBuildPhase;
			buildActionMask = 2147483647;
			files = (
				CCDE2918284A35CB004E1C52 /* ViewController.swift in Sources */,
				CCDE2914284A35CB004E1C52 /* AppDelegate.swift in Sources */,
				CCDE2916284A35CB004E1C52 /* SceneDelegate.swift in Sources */,
			);
			runOnlyForDeploymentPostprocessing = 0;
		};
		CCDE2922284A35CD004E1C52 /* Sources */ = {
			isa = PBXSourcesBuildPhase;
			buildActionMask = 2147483647;
			files = (
				CCDE292B284A35CD004E1C52 /* practice_autolayoutTests.swift in Sources */,
			);
			runOnlyForDeploymentPostprocessing = 0;
		};
		CCDE292C284A35CD004E1C52 /* Sources */ = {
			isa = PBXSourcesBuildPhase;
			buildActionMask = 2147483647;
			files = (
				CCDE2937284A35CD004E1C52 /* practice_autolayoutUITestsLaunchTests.swift in Sources */,
				CCDE2935284A35CD004E1C52 /* practice_autolayoutUITests.swift in Sources */,
			);
			runOnlyForDeploymentPostprocessing = 0;
		};
/* End PBXSourcesBuildPhase section */

/* Begin PBXTargetDependency section */
		CCDE2928284A35CD004E1C52 /* PBXTargetDependency */ = {
			isa = PBXTargetDependency;
			target = CCDE290F284A35CB004E1C52 /* practice_autolayout */;
			targetProxy = CCDE2927284A35CD004E1C52 /* PBXContainerItemProxy */;
		};
		CCDE2932284A35CD004E1C52 /* PBXTargetDependency */ = {
			isa = PBXTargetDependency;
			target = CCDE290F284A35CB004E1C52 /* practice_autolayout */;
			targetProxy = CCDE2931284A35CD004E1C52 /* PBXContainerItemProxy */;
		};
/* End PBXTargetDependency section */

/* Begin PBXVariantGroup section */
		CCDE2919284A35CB004E1C52 /* Main.storyboard */ = {
			isa = PBXVariantGroup;
			children = (
				CCDE291A284A35CB004E1C52 /* Base */,
			);
			name = Main.storyboard;
			sourceTree = "<group>";
		};
		CCDE291E284A35CD004E1C52 /* LaunchScreen.storyboard */ = {
			isa = PBXVariantGroup;
			children = (
				CCDE291F284A35CD004E1C52 /* Base */,
			);
			name = LaunchScreen.storyboard;
			sourceTree = "<group>";
		};
/* End PBXVariantGroup section */

/* Begin XCBuildConfiguration section */
		CCDE2938284A35CD004E1C52 /* Debug */ = {
			isa = XCBuildConfiguration;
			buildSettings = {
				ALWAYS_SEARCH_USER_PATHS = NO;
				CLANG_ANALYZER_NONNULL = YES;
				CLANG_ANALYZER_NUMBER_OBJECT_CONVERSION = YES_AGGRESSIVE;
				CLANG_CXX_LANGUAGE_STANDARD = "gnu++17";
				CLANG_ENABLE_MODULES = YES;
				CLANG_ENABLE_OBJC_ARC = YES;
				CLANG_ENABLE_OBJC_WEAK = YES;
				CLANG_WARN_BLOCK_CAPTURE_AUTORELEASING = YES;
				CLANG_WARN_BOOL_CONVERSION = YES;
				CLANG_WARN_COMMA = YES;
				CLANG_WARN_CONSTANT_CONVERSION = YES;
				CLANG_WARN_DEPRECATED_OBJC_IMPLEMENTATIONS = YES;
				CLANG_WARN_DIRECT_OBJC_ISA_USAGE = YES_ERROR;
				CLANG_WARN_DOCUMENTATION_COMMENTS = YES;
				CLANG_WARN_EMPTY_BODY = YES;
				CLANG_WARN_ENUM_CONVERSION = YES;
				CLANG_WARN_INFINITE_RECURSION = YES;
				CLANG_WARN_INT_CONVERSION = YES;
				CLANG_WARN_NON_LITERAL_NULL_CONVERSION = YES;
				CLANG_WARN_OBJC_IMPLICIT_RETAIN_SELF = YES;
				CLANG_WARN_OBJC_LITERAL_CONVERSION = YES;
				CLANG_WARN_OBJC_ROOT_CLASS = YES_ERROR;
				CLANG_WARN_QUOTED_INCLUDE_IN_FRAMEWORK_HEADER = YES;
				CLANG_WARN_RANGE_LOOP_ANALYSIS = YES;
				CLANG_WARN_STRICT_PROTOTYPES = YES;
				CLANG_WARN_SUSPICIOUS_MOVE = YES;
				CLANG_WARN_UNGUARDED_AVAILABILITY = YES_AGGRESSIVE;
				CLANG_WARN_UNREACHABLE_CODE = YES;
				CLANG_WARN__DUPLICATE_METHOD_MATCH = YES;
				COPY_PHASE_STRIP = NO;
				DEBUG_INFORMATION_FORMAT = dwarf;
				ENABLE_STRICT_OBJC_MSGSEND = YES;
				ENABLE_TESTABILITY = YES;
				GCC_C_LANGUAGE_STANDARD = gnu11;
				GCC_DYNAMIC_NO_PIC = NO;
				GCC_NO_COMMON_BLOCKS = YES;
				GCC_OPTIMIZATION_LEVEL = 0;
				GCC_PREPROCESSOR_DEFINITIONS = (
					"DEBUG=1",
					"$(inherited)",
				);
				GCC_WARN_64_TO_32_BIT_CONVERSION = YES;
				GCC_WARN_ABOUT_RETURN_TYPE = YES_ERROR;
				GCC_WARN_UNDECLARED_SELECTOR = YES;
				GCC_WARN_UNINITIALIZED_AUTOS = YES_AGGRESSIVE;
				GCC_WARN_UNUSED_FUNCTION = YES;
				GCC_WARN_UNUSED_VARIABLE = YES;
				IPHONEOS_DEPLOYMENT_TARGET = 15.5;
				MTL_ENABLE_DEBUG_INFO = INCLUDE_SOURCE;
				MTL_FAST_MATH = YES;
				ONLY_ACTIVE_ARCH = YES;
				SDKROOT = iphoneos;
				SWIFT_ACTIVE_COMPILATION_CONDITIONS = DEBUG;
				SWIFT_OPTIMIZATION_LEVEL = "-Onone";
			};
			name = Debug;
		};
		CCDE2939284A35CD004E1C52 /* Release */ = {
			isa = XCBuildConfiguration;
			buildSettings = {
				ALWAYS_SEARCH_USER_PATHS = NO;
				CLANG_ANALYZER_NONNULL = YES;
				CLANG_ANALYZER_NUMBER_OBJECT_CONVERSION = YES_AGGRESSIVE;
				CLANG_CXX_LANGUAGE_STANDARD = "gnu++17";
				CLANG_ENABLE_MODULES = YES;
				CLANG_ENABLE_OBJC_ARC = YES;
				CLANG_ENABLE_OBJC_WEAK = YES;
				CLANG_WARN_BLOCK_CAPTURE_AUTORELEASING = YES;
				CLANG_WARN_BOOL_CONVERSION = YES;
				CLANG_WARN_COMMA = YES;
				CLANG_WARN_CONSTANT_CONVERSION = YES;
				CLANG_WARN_DEPRECATED_OBJC_IMPLEMENTATIONS = YES;
				CLANG_WARN_DIRECT_OBJC_ISA_USAGE = YES_ERROR;
				CLANG_WARN_DOCUMENTATION_COMMENTS = YES;
				CLANG_WARN_EMPTY_BODY = YES;
				CLANG_WARN_ENUM_CONVERSION = YES;
				CLANG_WARN_INFINITE_RECURSION = YES;
				CLANG_WARN_INT_CONVERSION = YES;
				CLANG_WARN_NON_LITERAL_NULL_CONVERSION = YES;
				CLANG_WARN_OBJC_IMPLICIT_RETAIN_SELF = YES;
				CLANG_WARN_OBJC_LITERAL_CONVERSION = YES;
				CLANG_WARN_OBJC_ROOT_CLASS = YES_ERROR;
				CLANG_WARN_QUOTED_INCLUDE_IN_FRAMEWORK_HEADER = YES;
				CLANG_WARN_RANGE_LOOP_ANALYSIS = YES;
				CLANG_WARN_STRICT_PROTOTYPES = YES;
				CLANG_WARN_SUSPICIOUS_MOVE = YES;
				CLANG_WARN_UNGUARDED_AVAILABILITY = YES_AGGRESSIVE;
				CLANG_WARN_UNREACHABLE_CODE = YES;
				CLANG_WARN__DUPLICATE_METHOD_MATCH = YES;
				COPY_PHASE_STRIP = NO;
				DEBUG_INFORMATION_FORMAT = "dwarf-with-dsym";
				ENABLE_NS_ASSERTIONS = NO;
				ENABLE_STRICT_OBJC_MSGSEND = YES;
				GCC_C_LANGUAGE_STANDARD = gnu11;
				GCC_NO_COMMON_BLOCKS = YES;
				GCC_WARN_64_TO_32_BIT_CONVERSION = YES;
				GCC_WARN_ABOUT_RETURN_TYPE = YES_ERROR;
				GCC_WARN_UNDECLARED_SELECTOR = YES;
				GCC_WARN_UNINITIALIZED_AUTOS = YES_AGGRESSIVE;
				GCC_WARN_UNUSED_FUNCTION = YES;
				GCC_WARN_UNUSED_VARIABLE = YES;
				IPHONEOS_DEPLOYMENT_TARGET = 15.5;
				MTL_ENABLE_DEBUG_INFO = NO;
				MTL_FAST_MATH = YES;
				SDKROOT = iphoneos;
				SWIFT_COMPILATION_MODE = wholemodule;
				SWIFT_OPTIMIZATION_LEVEL = "-O";
				VALIDATE_PRODUCT = YES;
			};
			name = Release;
		};
		CCDE293B284A35CD004E1C52 /* Debug */ = {
			isa = XCBuildConfiguration;
			buildSettings = {
				ASSETCATALOG_COMPILER_APPICON_NAME = AppIcon;
				ASSETCATALOG_COMPILER_GLOBAL_ACCENT_COLOR_NAME = AccentColor;
				CODE_SIGN_STYLE = Automatic;
				CURRENT_PROJECT_VERSION = 1;
				GENERATE_INFOPLIST_FILE = YES;
				INFOPLIST_FILE = practice_autolayout/Info.plist;
				INFOPLIST_KEY_UIApplicationSupportsIndirectInputEvents = YES;
				INFOPLIST_KEY_UILaunchStoryboardName = LaunchScreen;
				INFOPLIST_KEY_UIMainStoryboardFile = Main;
				INFOPLIST_KEY_UISupportedInterfaceOrientations_iPad = "UIInterfaceOrientationPortrait UIInterfaceOrientationPortraitUpsideDown UIInterfaceOrientationLandscapeLeft UIInterfaceOrientationLandscapeRight";
				INFOPLIST_KEY_UISupportedInterfaceOrientations_iPhone = "UIInterfaceOrientationPortrait UIInterfaceOrientationLandscapeLeft UIInterfaceOrientationLandscapeRight";
				LD_RUNPATH_SEARCH_PATHS = (
					"$(inherited)",
					"@executable_path/Frameworks",
				);
				MARKETING_VERSION = 1.0;
				PRODUCT_BUNDLE_IDENTIFIER = "com.yusril.practice-autolayout";
				PRODUCT_NAME = "$(TARGET_NAME)";
				SWIFT_EMIT_LOC_STRINGS = YES;
				SWIFT_VERSION = 5.0;
				TARGETED_DEVICE_FAMILY = "1,2";
			};
			name = Debug;
		};
		CCDE293C284A35CD004E1C52 /* Release */ = {
			isa = XCBuildConfiguration;
			buildSettings = {
				ASSETCATALOG_COMPILER_APPICON_NAME = AppIcon;
				ASSETCATALOG_COMPILER_GLOBAL_ACCENT_COLOR_NAME = AccentColor;
				CODE_SIGN_STYLE = Automatic;
				CURRENT_PROJECT_VERSION = 1;
				GENERATE_INFOPLIST_FILE = YES;
				INFOPLIST_FILE = practice_autolayout/Info.plist;
				INFOPLIST_KEY_UIApplicationSupportsIndirectInputEvents = YES;
				INFOPLIST_KEY_UILaunchStoryboardName = LaunchScreen;
				INFOPLIST_KEY_UIMainStoryboardFile = Main;
				INFOPLIST_KEY_UISupportedInterfaceOrientations_iPad = "UIInterfaceOrientationPortrait UIInterfaceOrientationPortraitUpsideDown UIInterfaceOrientationLandscapeLeft UIInterfaceOrientationLandscapeRight";
				INFOPLIST_KEY_UISupportedInterfaceOrientations_iPhone = "UIInterfaceOrientationPortrait UIInterfaceOrientationLandscapeLeft UIInterfaceOrientationLandscapeRight";
				LD_RUNPATH_SEARCH_PATHS = (
					"$(inherited)",
					"@executable_path/Frameworks",
				);
				MARKETING_VERSION = 1.0;
				PRODUCT_BUNDLE_IDENTIFIER = "com.yusril.practice-autolayout";
				PRODUCT_NAME = "$(TARGET_NAME)";
				SWIFT_EMIT_LOC_STRINGS = YES;
				SWIFT_VERSION = 5.0;
				TARGETED_DEVICE_FAMILY = "1,2";
			};
			name = Release;
		};
		CCDE293E284A35CD004E1C52 /* Debug */ = {
			isa = XCBuildConfiguration;
			buildSettings = {
				ALWAYS_EMBED_SWIFT_STANDARD_LIBRARIES = YES;
				BUNDLE_LOADER = "$(TEST_HOST)";
				CODE_SIGN_STYLE = Automatic;
				CURRENT_PROJECT_VERSION = 1;
				GENERATE_INFOPLIST_FILE = YES;
				IPHONEOS_DEPLOYMENT_TARGET = 15.5;
				MARKETING_VERSION = 1.0;
				PRODUCT_BUNDLE_IDENTIFIER = "com.yusril.practice-autolayoutTests";
				PRODUCT_NAME = "$(TARGET_NAME)";
				SWIFT_EMIT_LOC_STRINGS = NO;
				SWIFT_VERSION = 5.0;
				TARGETED_DEVICE_FAMILY = "1,2";
				TEST_HOST = "$(BUILT_PRODUCTS_DIR)/practice_autolayout.app/practice_autolayout";
			};
			name = Debug;
		};
		CCDE293F284A35CD004E1C52 /* Release */ = {
			isa = XCBuildConfiguration;
			buildSettings = {
				ALWAYS_EMBED_SWIFT_STANDARD_LIBRARIES = YES;
				BUNDLE_LOADER = "$(TEST_HOST)";
				CODE_SIGN_STYLE = Automatic;
				CURRENT_PROJECT_VERSION = 1;
				GENERATE_INFOPLIST_FILE = YES;
				IPHONEOS_DEPLOYMENT_TARGET = 15.5;
				MARKETING_VERSION = 1.0;
				PRODUCT_BUNDLE_IDENTIFIER = "com.yusril.practice-autolayoutTests";
				PRODUCT_NAME = "$(TARGET_NAME)";
				SWIFT_EMIT_LOC_STRINGS = NO;
				SWIFT_VERSION = 5.0;
				TARGETED_DEVICE_FAMILY = "1,2";
				TEST_HOST = "$(BUILT_PRODUCTS_DIR)/practice_autolayout.app/practice_autolayout";
			};
			name = Release;
		};
		CCDE2941284A35CD004E1C52 /* Debug */ = {
			isa = XCBuildConfiguration;
			buildSettings = {
				ALWAYS_EMBED_SWIFT_STANDARD_LIBRARIES = YES;
				CODE_SIGN_STYLE = Automatic;
				CURRENT_PROJECT_VERSION = 1;
				GENERATE_INFOPLIST_FILE = YES;
				MARKETING_VERSION = 1.0;
				PRODUCT_BUNDLE_IDENTIFIER = "com.yusril.practice-autolayoutUITests";
				PRODUCT_NAME = "$(TARGET_NAME)";
				SWIFT_EMIT_LOC_STRINGS = NO;
				SWIFT_VERSION = 5.0;
				TARGETED_DEVICE_FAMILY = "1,2";
				TEST_TARGET_NAME = practice_autolayout;
			};
			name = Debug;
		};
		CCDE2942284A35CD004E1C52 /* Release */ = {
			isa = XCBuildConfiguration;
			buildSettings = {
				ALWAYS_EMBED_SWIFT_STANDARD_LIBRARIES = YES;
				CODE_SIGN_STYLE = Automatic;
				CURRENT_PROJECT_VERSION = 1;
				GENERATE_INFOPLIST_FILE = YES;
				MARKETING_VERSION = 1.0;
				PRODUCT_BUNDLE_IDENTIFIER = "com.yusril.practice-autolayoutUITests";
				PRODUCT_NAME = "$(TARGET_NAME)";
				SWIFT_EMIT_LOC_STRINGS = NO;
				SWIFT_VERSION = 5.0;
				TARGETED_DEVICE_FAMILY = "1,2";
				TEST_TARGET_NAME = practice_autolayout;
			};
			name = Release;
		};
/* End XCBuildConfiguration section */

/* Begin XCConfigurationList section */
		CCDE290B284A35CB004E1C52 /* Build configuration list for PBXProject "practice_autolayout" */ = {
			isa = XCConfigurationList;
			buildConfigurations = (
				CCDE2938284A35CD004E1C52 /* Debug */,
				CCDE2939284A35CD004E1C52 /* Release */,
			);
			defaultConfigurationIsVisible = 0;
			defaultConfigurationName = Release;
		};
		CCDE293A284A35CD004E1C52 /* Build configuration list for PBXNativeTarget "practice_autolayout" */ = {
			isa = XCConfigurationList;
			buildConfigurations = (
				CCDE293B284A35CD004E1C52 /* Debug */,
				CCDE293C284A35CD004E1C52 /* Release */,
			);
			defaultConfigurationIsVisible = 0;
			defaultConfigurationName = Release;
		};
		CCDE293D284A35CD004E1C52 /* Build configuration list for PBXNativeTarget "practice_autolayoutTests" */ = {
			isa = XCConfigurationList;
			buildConfigurations = (
				CCDE293E284A35CD004E1C52 /* Debug */,
				CCDE293F284A35CD004E1C52 /* Release */,
			);
			defaultConfigurationIsVisible = 0;
			defaultConfigurationName = Release;
		};
		CCDE2940284A35CD004E1C52 /* Build configuration list for PBXNativeTarget "practice_autolayoutUITests" */ = {
			isa = XCConfigurationList;
			buildConfigurations = (
				CCDE2941284A35CD004E1C52 /* Debug */,
				CCDE2942284A35CD004E1C52 /* Release */,
			);
			defaultConfigurationIsVisible = 0;
			defaultConfigurationName = Release;
		};
/* End XCConfigurationList section */
	};
	rootObject = CCDE2908284A35CB004E1C52 /* Project object */;
}
